
Microsoft Visual Studio Solution File, Format Version 12.00
# Visual Studio Version 16
VisualStudioVersion = 16.0.29609.76
MinimumVisualStudioVersion = 10.0.40219.1
Project("{9A19103F-16F7-4668-BE54-9A1E7A4F7556}") = "WebApp", "Web\WebApp.csproj", "{47A2833F-7F0E-4900-818B-3DD905DAC2AB}"
EndProject
Project("{9A19103F-16F7-4668-BE54-9A1E7A4F7556}") = "Dal", "Dal\Dal.csproj", "{FFBC64AC-B5D3-4AA2-9702-5DBBC5780670}"
EndProject
Project("{9A19103F-16F7-4668-BE54-9A1E7A4F7556}") = "Negocio", "Negocio\Negocio.csproj", "{941C7CAA-1891-4D55-9D77-3877A38D2C61}"
EndProject
Global
	GlobalSection(SolutionConfigurationPlatforms) = preSolution
		Debug|Any CPU = Debug|Any CPU
		Release|Any CPU = Release|Any CPU
	EndGlobalSection
	GlobalSection(ProjectConfigurationPlatforms) = postSolution
		{47A2833F-7F0E-4900-818B-3DD905DAC2AB}.Debug|Any CPU.ActiveCfg = Debug|Any CPU
		{47A2833F-7F0E-4900-818B-3DD905DAC2AB}.Debug|Any CPU.Build.0 = Debug|Any CPU
		{47A2833F-7F0E-4900-818B-3DD905DAC2AB}.Release|Any CPU.ActiveCfg = Release|Any CPU
		{47A2833F-7F0E-4900-818B-3DD905DAC2AB}.Release|Any CPU.Build.0 = Release|Any CPU
		{FFBC64AC-B5D3-4AA2-9702-5DBBC5780670}.Debug|Any CPU.ActiveCfg = Debug|Any CPU
		{FFBC64AC-B5D3-4AA2-9702-5DBBC5780670}.Debug|Any CPU.Build.0 = Debug|Any CPU
		{FFBC64AC-B5D3-4AA2-9702-5DBBC5780670}.Release|Any CPU.ActiveCfg = Release|Any CPU
		{FFBC64AC-B5D3-4AA2-9702-5DBBC5780670}.Release|Any CPU.Build.0 = Release|Any CPU
		{941C7CAA-1891-4D55-9D77-3877A38D2C61}.Debug|Any CPU.ActiveCfg = Debug|Any CPU
		{941C7CAA-1891-4D55-9D77-3877A38D2C61}.Debug|Any CPU.Build.0 = Debug|Any CPU
		{941C7CAA-1891-4D55-9D77-3877A38D2C61}.Release|Any CPU.ActiveCfg = Release|Any CPU
		{941C7CAA-1891-4D55-9D77-3877A38D2C61}.Release|Any CPU.Build.0 = Release|Any CPU
	EndGlobalSection
	GlobalSection(SolutionProperties) = preSolution
		HideSolutionNode = FALSE
	EndGlobalSection
	GlobalSection(ExtensibilityGlobals) = postSolution
		SolutionGuid = {2D5ADA39-C377-41D8-AA57-F09A9884E36F}
	EndGlobalSection
EndGlobal
